PODS:
  - ABMSoundCloudAPI (0.1.1):
    - NSURLSession-Resplendent (~> 0.1.4)
  - NSURLSession-Resplendent (0.1.5)

DEPENDENCIES:
  - ABMSoundCloudAPI (from `../`)

EXTERNAL SOURCES:
  ABMSoundCloudAPI:
    :path: ../

SPEC CHECKSUMS:
  ABMSoundCloudAPI: 1b5ff69f118cea6a5a142cd909092ebf7ac85aa1
  NSURLSession-Resplendent: 7a1472ba791b27a931d7d4b03ea3821366f24327

COCOAPODS: 0.37.2
