PODS:
  - ABMSoundCloudAPI (0.1.1):
    - NSURLSession-Resplendent (~> 0.1.2)
  - NSURLSession-Resplendent (0.1.2)

DEPENDENCIES:
  - ABMSoundCloudAPI (from `../`)

EXTERNAL SOURCES:
  ABMSoundCloudAPI:
    :path: ../

SPEC CHECKSUMS:
  ABMSoundCloudAPI: 1c981f54f81859410c099e363fdc1205320e8075
  NSURLSession-Resplendent: b08d7f883c546489cd593147ae6942ac28117df6

COCOAPODS: 0.37.0
